
Microsoft Visual Studio Solution File, Format Version 12.00
# Visual Studio Version 17
VisualStudioVersion = 17.11.35327.3
MinimumVisualStudioVersion = 10.0.40219.1
Project("{2150E333-8FDC-42A3-9474-1A3956D46DE8}") = "Task0", "Task0", "{488C03BD-3F8A-43BA-BE29-3B4F59477473}"
EndProject
Project("{9A19103F-16F7-4668-BE54-9A1E7A4F7556}") = "Tyuiu.OvsepyanAA.Sprint3.Task0.V14", "Tyuiu.OvsepyanAA.Sprint3.Task0.V14\Tyuiu.OvsepyanAA.Sprint3.Task0.V14.csproj", "{3836C9BE-2D2C-4A05-8C1E-CFEDC34F52DC}"
EndProject
Project("{9A19103F-16F7-4668-BE54-9A1E7A4F7556}") = "Tyuiu.OvsepyanAA.Sprint3.Task0.V14.Lib", "Tyuiu.OvsepyanAA.Sprint3.Task0.V14.Lib\Tyuiu.OvsepyanAA.Sprint3.Task0.V14.Lib.csproj", "{8ADB7E79-D2F2-4886-B236-62105E717F57}"
EndProject
Project("{9A19103F-16F7-4668-BE54-9A1E7A4F7556}") = "Tyuiu.OvsepyanAA.Sprint3.Task0.V14.Test", "Tyuiu.OvsepyanAA.Sprint3.Task0.V14.Test\Tyuiu.OvsepyanAA.Sprint3.Task0.V14.Test.csproj", "{AF82E9C5-BF34-485A-998E-1391E420CE60}"
EndProject
Project("{2150E333-8FDC-42A3-9474-1A3956D46DE8}") = "Task1", "Task1", "{A95149BD-CC1F-4B8B-8ADF-DE5C3B302F22}"
EndProject
Project("{9A19103F-16F7-4668-BE54-9A1E7A4F7556}") = "Tyuiu.OvsepyanAA.Sprint3.Task1.V27", "Tyuiu.OvsepyanAA.Sprint3.Task1.V27\Tyuiu.OvsepyanAA.Sprint3.Task1.V27.csproj", "{402E5FCD-6C6B-4763-BA64-CF9DFF481A6B}"
EndProject
Project("{9A19103F-16F7-4668-BE54-9A1E7A4F7556}") = "Tyuiu.OvsepyanAA.Sprint3.Task1.V27.Lib", "Tyuiu.OvsepyanAA.Sprint3.Task1.V27.Lib\Tyuiu.OvsepyanAA.Sprint3.Task1.V27.Lib.csproj", "{A43BF65F-BD2D-4873-B5DE-A3737C8BB5EA}"
EndProject
Project("{9A19103F-16F7-4668-BE54-9A1E7A4F7556}") = "Tyuiu.OvsepyanAA.Sprint3.Task1.V27.Test", "Tyuiu.OvsepyanAA.Sprint3.Task1.V27.Test\Tyuiu.OvsepyanAA.Sprint3.Task1.V27.Test.csproj", "{24C27E72-5FC0-47C7-97A3-FA6F4850FA9F}"
EndProject
Project("{9A19103F-16F7-4668-BE54-9A1E7A4F7556}") = "ConsoleApp2", "ConsoleApp2\ConsoleApp2.csproj", "{1D1AA6EB-91D5-4905-BF95-94CDAA7E549C}"
EndProject
Project("{2150E333-8FDC-42A3-9474-1A3956D46DE8}") = "Task3", "Task3", "{F93E41DE-9B40-4B9F-B865-227150DFF869}"
EndProject
Project("{2150E333-8FDC-42A3-9474-1A3956D46DE8}") = "Task4", "Task4", "{4B65BD34-AA14-44D5-BABC-C5055CB3DE57}"
EndProject
Project("{2150E333-8FDC-42A3-9474-1A3956D46DE8}") = "Task5", "Task5", "{8EEF6004-48C4-448C-AAF9-2874CDBDE876}"
EndProject
Project("{2150E333-8FDC-42A3-9474-1A3956D46DE8}") = "Task6", "Task6", "{2B5B354F-D641-44E5-935A-7744C752AE29}"
EndProject
Project("{2150E333-8FDC-42A3-9474-1A3956D46DE8}") = "Task7", "Task7", "{4D1D77F2-14D4-41DE-9A10-939EACCFBB83}"
EndProject
Project("{9A19103F-16F7-4668-BE54-9A1E7A4F7556}") = "Tyuiu.OvsepyanAA.Sprint3.Task3.V20", "Tyuiu.OvsepyanAA.Sprint3.Task3.V20\Tyuiu.OvsepyanAA.Sprint3.Task3.V20.csproj", "{839102D0-3D8A-4F92-9416-E007509AF65A}"
EndProject
Project("{9A19103F-16F7-4668-BE54-9A1E7A4F7556}") = "Tyuiu.OvsepyanAA.Sprint3.Task3.V20.Lib", "Tyuiu.OvsepyanAA.Sprint3.Task3.V20.Lib\Tyuiu.OvsepyanAA.Sprint3.Task3.V20.Lib.csproj", "{2EDCC06C-3E5D-4E24-A10A-C5AA5B61A882}"
EndProject
Project("{9A19103F-16F7-4668-BE54-9A1E7A4F7556}") = "Tyuiu.OvsepyanAA.Sprint3.Task3.V20.Test", "Tyuiu.OvsepyanAA.Sprint3.Task3.V20.Test\Tyuiu.OvsepyanAA.Sprint3.Task3.V20.Test.csproj", "{85BF66FF-CBB3-4ED2-9109-694C0E807886}"
EndProject
Project("{2150E333-8FDC-42A3-9474-1A3956D46DE8}") = "Task2", "Task2", "{252C2635-147B-41FC-9FA4-8A1B64038CEF}"
EndProject
Project("{9A19103F-16F7-4668-BE54-9A1E7A4F7556}") = "Tyuiu.OvsepyanAA.Sprint3.Task2.V18", "Tyuiu.OvsepyanAA.Sprint3.Task2.V18\Tyuiu.OvsepyanAA.Sprint3.Task2.V18.csproj", "{225E31F7-CEC4-4E88-B53C-8C5EBD8E862E}"
EndProject
Project("{9A19103F-16F7-4668-BE54-9A1E7A4F7556}") = "Tyuiu.OvsepyanAA.Sprint3.Task2.V18.Lib", "Tyuiu.OvsepyanAA.Sprint3.Task2.V18.Lib\Tyuiu.OvsepyanAA.Sprint3.Task2.V18.Lib.csproj", "{EFF9FCE2-0A0C-4FEE-B2C2-4BBA25B4284D}"
EndProject
Project("{9A19103F-16F7-4668-BE54-9A1E7A4F7556}") = "Tyuiu.OvsepyanAA.Sprint3.Task2.V18.Test", "Tyuiu.OvsepyanAA.Sprint3.Task2.V18.Test\Tyuiu.OvsepyanAA.Sprint3.Task2.V18.Test.csproj", "{E225620D-C1D9-43EA-BA0A-1C50A58B91B9}"
EndProject
Project("{9A19103F-16F7-4668-BE54-9A1E7A4F7556}") = "Tyuiu.OvsepyanAA.Sprint3.Task4.V26", "Tyuiu.OvsepyanAA.Sprint3.Task4.V26\Tyuiu.OvsepyanAA.Sprint3.Task4.V26.csproj", "{DAD3969B-3A41-4A78-B594-E542FFA172D5}"
EndProject
Project("{9A19103F-16F7-4668-BE54-9A1E7A4F7556}") = "Tyuiu.OvsepyanAA.Sprint3.Task4.V26.Lib", "Tyuiu.OvsepyanAA.Sprint3.Task4.V26.Lib\Tyuiu.OvsepyanAA.Sprint3.Task4.V26.Lib.csproj", "{D17E7519-D352-4C6C-B9C6-3C7D55C120CC}"
EndProject
Project("{9A19103F-16F7-4668-BE54-9A1E7A4F7556}") = "Tyuiu.OvsepyanAA.Sprint3.Task4.V26.Test", "Tyuiu.OvsepyanAA.Sprint3.Task4.V26.Test\Tyuiu.OvsepyanAA.Sprint3.Task4.V26.Test.csproj", "{6102AE60-B297-4F57-81F1-BF3B60C1CCAF}"
EndProject
Project("{FAE04EC0-301F-11D3-BF4B-00C04F79EFBC}") = "Tyuiu.OvsepyanAA.Sprint3.Task5.V26", "Tyuiu.OvsepyanAA.Sprint3.Task5.V26\Tyuiu.OvsepyanAA.Sprint3.Task5.V26.csproj", "{171DCDF8-42CF-4445-B6B7-6D1618684252}"
EndProject
Project("{FAE04EC0-301F-11D3-BF4B-00C04F79EFBC}") = "Tyuiu.OvsepyanAA.Sprint3.Task5.V26.Test", "Tyuiu.OvsepyanAA.Sprint3.Task5.V26.Test\Tyuiu.OvsepyanAA.Sprint3.Task5.V26.Test.csproj", "{9AE60538-6A6C-4B98-B06A-63A1DB2BC6B2}"
EndProject
Project("{FAE04EC0-301F-11D3-BF4B-00C04F79EFBC}") = "Tyuiu.OvsepyanAA.Sprint3.Task5.V26.Lib", "Tyuiu.OvsepyanAA.Sprint3.Task5.V26.Lib\Tyuiu.OvsepyanAA.Sprint3.Task5.V26.Lib.csproj", "{CA46E0E6-5412-47EB-8BBB-3262633F9241}"
EndProject
Project("{FAE04EC0-301F-11D3-BF4B-00C04F79EFBC}") = "Tyuiu.OvsepyanAA.Sprint3.Task6.V22", "Tyuiu.OvsepyanAA.Sprint3.Task6.V22\Tyuiu.OvsepyanAA.Sprint3.Task6.V22.csproj", "{E23C0C36-B891-48BD-A494-F5D9593183DD}"
EndProject
Project("{FAE04EC0-301F-11D3-BF4B-00C04F79EFBC}") = "Tyuiu.OvsepyanAA.Sprint3.Task6.V22.Lib", "Tyuiu.OvsepyanAA.Sprint3.Task6.V22.Lib\Tyuiu.OvsepyanAA.Sprint3.Task6.V22.Lib.csproj", "{65F72F21-8D26-4DC1-8033-DE12ABF4EED5}"
EndProject
Project("{FAE04EC0-301F-11D3-BF4B-00C04F79EFBC}") = "Tyuiu.OvsepyanAA.Sprint3.Task6.V22.Test", "Tyuiu.OvsepyanAA.Sprint3.Task6.V22.Test\Tyuiu.OvsepyanAA.Sprint3.Task6.V22.Test.csproj", "{57FF635B-B6DE-4F27-8D13-4CC17605603C}"
EndProject
Project("{FAE04EC0-301F-11D3-BF4B-00C04F79EFBC}") = "Tyuiu.OvsepyanAA.Sprint3.Task7.V24", "Tyuiu.OvsepyanAA.Sprint3.Task7.V24\Tyuiu.OvsepyanAA.Sprint3.Task7.V24.csproj", "{1A40E3F0-0EA1-47EC-B1C7-5A52B25AB9A7}"
EndProject
Project("{FAE04EC0-301F-11D3-BF4B-00C04F79EFBC}") = "Tyuiu.OvsepyanAA.Sprint3.Task7.V24.Lib", "Tyuiu.OvsepyanAA.Sprint3.Task7.V24.Lib\Tyuiu.OvsepyanAA.Sprint3.Task7.V24.Lib.csproj", "{5C603389-9796-4B4F-BBE0-D00C92E516DB}"
EndProject
Project("{FAE04EC0-301F-11D3-BF4B-00C04F79EFBC}") = "Tyuiu.OvsepyanAA.Sprint3.Task7.V24.Test", "Tyuiu.OvsepyanAA.Sprint3.Task7.V24.Test\Tyuiu.OvsepyanAA.Sprint3.Task7.V24.Test.csproj", "{05B51683-E1DD-4D23-B00F-642B0855DBF3}"
EndProject
Global
	GlobalSection(SolutionConfigurationPlatforms) = preSolution
		Debug|Any CPU = Debug|Any CPU
		Release|Any CPU = Release|Any CPU
	EndGlobalSection
	GlobalSection(ProjectConfigurationPlatforms) = postSolution
		{3836C9BE-2D2C-4A05-8C1E-CFEDC34F52DC}.Debug|Any CPU.ActiveCfg = Debug|Any CPU
		{3836C9BE-2D2C-4A05-8C1E-CFEDC34F52DC}.Debug|Any CPU.Build.0 = Debug|Any CPU
		{3836C9BE-2D2C-4A05-8C1E-CFEDC34F52DC}.Release|Any CPU.ActiveCfg = Release|Any CPU
		{3836C9BE-2D2C-4A05-8C1E-CFEDC34F52DC}.Release|Any CPU.Build.0 = Release|Any CPU
		{8ADB7E79-D2F2-4886-B236-62105E717F57}.Debug|Any CPU.ActiveCfg = Debug|Any CPU
		{8ADB7E79-D2F2-4886-B236-62105E717F57}.Debug|Any CPU.Build.0 = Debug|Any CPU
		{8ADB7E79-D2F2-4886-B236-62105E717F57}.Release|Any CPU.ActiveCfg = Release|Any CPU
		{8ADB7E79-D2F2-4886-B236-62105E717F57}.Release|Any CPU.Build.0 = Release|Any CPU
		{AF82E9C5-BF34-485A-998E-1391E420CE60}.Debug|Any CPU.ActiveCfg = Debug|Any CPU
		{AF82E9C5-BF34-485A-998E-1391E420CE60}.Debug|Any CPU.Build.0 = Debug|Any CPU
		{AF82E9C5-BF34-485A-998E-1391E420CE60}.Release|Any CPU.ActiveCfg = Release|Any CPU
		{AF82E9C5-BF34-485A-998E-1391E420CE60}.Release|Any CPU.Build.0 = Release|Any CPU
		{402E5FCD-6C6B-4763-BA64-CF9DFF481A6B}.Debug|Any CPU.ActiveCfg = Debug|Any CPU
		{402E5FCD-6C6B-4763-BA64-CF9DFF481A6B}.Debug|Any CPU.Build.0 = Debug|Any CPU
		{402E5FCD-6C6B-4763-BA64-CF9DFF481A6B}.Release|Any CPU.ActiveCfg = Release|Any CPU
		{402E5FCD-6C6B-4763-BA64-CF9DFF481A6B}.Release|Any CPU.Build.0 = Release|Any CPU
		{A43BF65F-BD2D-4873-B5DE-A3737C8BB5EA}.Debug|Any CPU.ActiveCfg = Debug|Any CPU
		{A43BF65F-BD2D-4873-B5DE-A3737C8BB5EA}.Debug|Any CPU.Build.0 = Debug|Any CPU
		{A43BF65F-BD2D-4873-B5DE-A3737C8BB5EA}.Release|Any CPU.ActiveCfg = Release|Any CPU
		{A43BF65F-BD2D-4873-B5DE-A3737C8BB5EA}.Release|Any CPU.Build.0 = Release|Any CPU
		{24C27E72-5FC0-47C7-97A3-FA6F4850FA9F}.Debug|Any CPU.ActiveCfg = Debug|Any CPU
		{24C27E72-5FC0-47C7-97A3-FA6F4850FA9F}.Debug|Any CPU.Build.0 = Debug|Any CPU
		{24C27E72-5FC0-47C7-97A3-FA6F4850FA9F}.Release|Any CPU.ActiveCfg = Release|Any CPU
		{24C27E72-5FC0-47C7-97A3-FA6F4850FA9F}.Release|Any CPU.Build.0 = Release|Any CPU
		{1D1AA6EB-91D5-4905-BF95-94CDAA7E549C}.Debug|Any CPU.ActiveCfg = Debug|Any CPU
		{1D1AA6EB-91D5-4905-BF95-94CDAA7E549C}.Debug|Any CPU.Build.0 = Debug|Any CPU
		{1D1AA6EB-91D5-4905-BF95-94CDAA7E549C}.Release|Any CPU.ActiveCfg = Release|Any CPU
		{1D1AA6EB-91D5-4905-BF95-94CDAA7E549C}.Release|Any CPU.Build.0 = Release|Any CPU
		{839102D0-3D8A-4F92-9416-E007509AF65A}.Debug|Any CPU.ActiveCfg = Debug|Any CPU
		{839102D0-3D8A-4F92-9416-E007509AF65A}.Debug|Any CPU.Build.0 = Debug|Any CPU
		{839102D0-3D8A-4F92-9416-E007509AF65A}.Release|Any CPU.ActiveCfg = Release|Any CPU
		{839102D0-3D8A-4F92-9416-E007509AF65A}.Release|Any CPU.Build.0 = Release|Any CPU
		{2EDCC06C-3E5D-4E24-A10A-C5AA5B61A882}.Debug|Any CPU.ActiveCfg = Debug|Any CPU
		{2EDCC06C-3E5D-4E24-A10A-C5AA5B61A882}.Debug|Any CPU.Build.0 = Debug|Any CPU
		{2EDCC06C-3E5D-4E24-A10A-C5AA5B61A882}.Release|Any CPU.ActiveCfg = Release|Any CPU
		{2EDCC06C-3E5D-4E24-A10A-C5AA5B61A882}.Release|Any CPU.Build.0 = Release|Any CPU
		{85BF66FF-CBB3-4ED2-9109-694C0E807886}.Debug|Any CPU.ActiveCfg = Debug|Any CPU
		{85BF66FF-CBB3-4ED2-9109-694C0E807886}.Debug|Any CPU.Build.0 = Debug|Any CPU
		{85BF66FF-CBB3-4ED2-9109-694C0E807886}.Release|Any CPU.ActiveCfg = Release|Any CPU
		{85BF66FF-CBB3-4ED2-9109-694C0E807886}.Release|Any CPU.Build.0 = Release|Any CPU
		{225E31F7-CEC4-4E88-B53C-8C5EBD8E862E}.Debug|Any CPU.ActiveCfg = Debug|Any CPU
		{225E31F7-CEC4-4E88-B53C-8C5EBD8E862E}.Debug|Any CPU.Build.0 = Debug|Any CPU
		{225E31F7-CEC4-4E88-B53C-8C5EBD8E862E}.Release|Any CPU.ActiveCfg = Release|Any CPU
		{225E31F7-CEC4-4E88-B53C-8C5EBD8E862E}.Release|Any CPU.Build.0 = Release|Any CPU
		{EFF9FCE2-0A0C-4FEE-B2C2-4BBA25B4284D}.Debug|Any CPU.ActiveCfg = Debug|Any CPU
		{EFF9FCE2-0A0C-4FEE-B2C2-4BBA25B4284D}.Debug|Any CPU.Build.0 = Debug|Any CPU
		{EFF9FCE2-0A0C-4FEE-B2C2-4BBA25B4284D}.Release|Any CPU.ActiveCfg = Release|Any CPU
		{EFF9FCE2-0A0C-4FEE-B2C2-4BBA25B4284D}.Release|Any CPU.Build.0 = Release|Any CPU
		{E225620D-C1D9-43EA-BA0A-1C50A58B91B9}.Debug|Any CPU.ActiveCfg = Debug|Any CPU
		{E225620D-C1D9-43EA-BA0A-1C50A58B91B9}.Debug|Any CPU.Build.0 = Debug|Any CPU
		{E225620D-C1D9-43EA-BA0A-1C50A58B91B9}.Release|Any CPU.ActiveCfg = Release|Any CPU
		{E225620D-C1D9-43EA-BA0A-1C50A58B91B9}.Release|Any CPU.Build.0 = Release|Any CPU
		{DAD3969B-3A41-4A78-B594-E542FFA172D5}.Debug|Any CPU.ActiveCfg = Debug|Any CPU
		{DAD3969B-3A41-4A78-B594-E542FFA172D5}.Debug|Any CPU.Build.0 = Debug|Any CPU
		{DAD3969B-3A41-4A78-B594-E542FFA172D5}.Release|Any CPU.ActiveCfg = Release|Any CPU
		{DAD3969B-3A41-4A78-B594-E542FFA172D5}.Release|Any CPU.Build.0 = Release|Any CPU
		{D17E7519-D352-4C6C-B9C6-3C7D55C120CC}.Debug|Any CPU.ActiveCfg = Debug|Any CPU
		{D17E7519-D352-4C6C-B9C6-3C7D55C120CC}.Debug|Any CPU.Build.0 = Debug|Any CPU
		{D17E7519-D352-4C6C-B9C6-3C7D55C120CC}.Release|Any CPU.ActiveCfg = Release|Any CPU
		{D17E7519-D352-4C6C-B9C6-3C7D55C120CC}.Release|Any CPU.Build.0 = Release|Any CPU
		{6102AE60-B297-4F57-81F1-BF3B60C1CCAF}.Debug|Any CPU.ActiveCfg = Debug|Any CPU
		{6102AE60-B297-4F57-81F1-BF3B60C1CCAF}.Debug|Any CPU.Build.0 = Debug|Any CPU
		{6102AE60-B297-4F57-81F1-BF3B60C1CCAF}.Release|Any CPU.ActiveCfg = Release|Any CPU
		{6102AE60-B297-4F57-81F1-BF3B60C1CCAF}.Release|Any CPU.Build.0 = Release|Any CPU
		{171DCDF8-42CF-4445-B6B7-6D1618684252}.Debug|Any CPU.ActiveCfg = Debug|Any CPU
		{171DCDF8-42CF-4445-B6B7-6D1618684252}.Debug|Any CPU.Build.0 = Debug|Any CPU
		{171DCDF8-42CF-4445-B6B7-6D1618684252}.Release|Any CPU.ActiveCfg = Release|Any CPU
		{171DCDF8-42CF-4445-B6B7-6D1618684252}.Release|Any CPU.Build.0 = Release|Any CPU
		{9AE60538-6A6C-4B98-B06A-63A1DB2BC6B2}.Debug|Any CPU.ActiveCfg = Debug|Any CPU
		{9AE60538-6A6C-4B98-B06A-63A1DB2BC6B2}.Debug|Any CPU.Build.0 = Debug|Any CPU
		{9AE60538-6A6C-4B98-B06A-63A1DB2BC6B2}.Release|Any CPU.ActiveCfg = Release|Any CPU
		{9AE60538-6A6C-4B98-B06A-63A1DB2BC6B2}.Release|Any CPU.Build.0 = Release|Any CPU
		{CA46E0E6-5412-47EB-8BBB-3262633F9241}.Debug|Any CPU.ActiveCfg = Debug|Any CPU
		{CA46E0E6-5412-47EB-8BBB-3262633F9241}.Debug|Any CPU.Build.0 = Debug|Any CPU
		{CA46E0E6-5412-47EB-8BBB-3262633F9241}.Release|Any CPU.ActiveCfg = Release|Any CPU
		{CA46E0E6-5412-47EB-8BBB-3262633F9241}.Release|Any CPU.Build.0 = Release|Any CPU
		{E23C0C36-B891-48BD-A494-F5D9593183DD}.Debug|Any CPU.ActiveCfg = Debug|Any CPU
		{E23C0C36-B891-48BD-A494-F5D9593183DD}.Debug|Any CPU.Build.0 = Debug|Any CPU
		{E23C0C36-B891-48BD-A494-F5D9593183DD}.Release|Any CPU.ActiveCfg = Release|Any CPU
		{E23C0C36-B891-48BD-A494-F5D9593183DD}.Release|Any CPU.Build.0 = Release|Any CPU
		{65F72F21-8D26-4DC1-8033-DE12ABF4EED5}.Debug|Any CPU.ActiveCfg = Debug|Any CPU
		{65F72F21-8D26-4DC1-8033-DE12ABF4EED5}.Debug|Any CPU.Build.0 = Debug|Any CPU
		{65F72F21-8D26-4DC1-8033-DE12ABF4EED5}.Release|Any CPU.ActiveCfg = Release|Any CPU
		{65F72F21-8D26-4DC1-8033-DE12ABF4EED5}.Release|Any CPU.Build.0 = Release|Any CPU
		{57FF635B-B6DE-4F27-8D13-4CC17605603C}.Debug|Any CPU.ActiveCfg = Debug|Any CPU
		{57FF635B-B6DE-4F27-8D13-4CC17605603C}.Debug|Any CPU.Build.0 = Debug|Any CPU
		{57FF635B-B6DE-4F27-8D13-4CC17605603C}.Release|Any CPU.ActiveCfg = Release|Any CPU
		{57FF635B-B6DE-4F27-8D13-4CC17605603C}.Release|Any CPU.Build.0 = Release|Any CPU
		{1A40E3F0-0EA1-47EC-B1C7-5A52B25AB9A7}.Debug|Any CPU.ActiveCfg = Debug|Any CPU
		{1A40E3F0-0EA1-47EC-B1C7-5A52B25AB9A7}.Debug|Any CPU.Build.0 = Debug|Any CPU
		{1A40E3F0-0EA1-47EC-B1C7-5A52B25AB9A7}.Release|Any CPU.ActiveCfg = Release|Any CPU
		{1A40E3F0-0EA1-47EC-B1C7-5A52B25AB9A7}.Release|Any CPU.Build.0 = Release|Any CPU
		{5C603389-9796-4B4F-BBE0-D00C92E516DB}.Debug|Any CPU.ActiveCfg = Debug|Any CPU
		{5C603389-9796-4B4F-BBE0-D00C92E516DB}.Debug|Any CPU.Build.0 = Debug|Any CPU
		{5C603389-9796-4B4F-BBE0-D00C92E516DB}.Release|Any CPU.ActiveCfg = Release|Any CPU
		{5C603389-9796-4B4F-BBE0-D00C92E516DB}.Release|Any CPU.Build.0 = Release|Any CPU
		{05B51683-E1DD-4D23-B00F-642B0855DBF3}.Debug|Any CPU.ActiveCfg = Debug|Any CPU
		{05B51683-E1DD-4D23-B00F-642B0855DBF3}.Debug|Any CPU.Build.0 = Debug|Any CPU
		{05B51683-E1DD-4D23-B00F-642B0855DBF3}.Release|Any CPU.ActiveCfg = Release|Any CPU
		{05B51683-E1DD-4D23-B00F-642B0855DBF3}.Release|Any CPU.Build.0 = Release|Any CPU
	EndGlobalSection
	GlobalSection(SolutionProperties) = preSolution
		HideSolutionNode = FALSE
	EndGlobalSection
	GlobalSection(NestedProjects) = preSolution
		{3836C9BE-2D2C-4A05-8C1E-CFEDC34F52DC} = {488C03BD-3F8A-43BA-BE29-3B4F59477473}
		{8ADB7E79-D2F2-4886-B236-62105E717F57} = {488C03BD-3F8A-43BA-BE29-3B4F59477473}
		{AF82E9C5-BF34-485A-998E-1391E420CE60} = {488C03BD-3F8A-43BA-BE29-3B4F59477473}
		{402E5FCD-6C6B-4763-BA64-CF9DFF481A6B} = {A95149BD-CC1F-4B8B-8ADF-DE5C3B302F22}
		{A43BF65F-BD2D-4873-B5DE-A3737C8BB5EA} = {A95149BD-CC1F-4B8B-8ADF-DE5C3B302F22}
		{24C27E72-5FC0-47C7-97A3-FA6F4850FA9F} = {A95149BD-CC1F-4B8B-8ADF-DE5C3B302F22}
		{839102D0-3D8A-4F92-9416-E007509AF65A} = {F93E41DE-9B40-4B9F-B865-227150DFF869}
		{2EDCC06C-3E5D-4E24-A10A-C5AA5B61A882} = {F93E41DE-9B40-4B9F-B865-227150DFF869}
		{85BF66FF-CBB3-4ED2-9109-694C0E807886} = {F93E41DE-9B40-4B9F-B865-227150DFF869}
		{225E31F7-CEC4-4E88-B53C-8C5EBD8E862E} = {252C2635-147B-41FC-9FA4-8A1B64038CEF}
		{EFF9FCE2-0A0C-4FEE-B2C2-4BBA25B4284D} = {252C2635-147B-41FC-9FA4-8A1B64038CEF}
		{E225620D-C1D9-43EA-BA0A-1C50A58B91B9} = {252C2635-147B-41FC-9FA4-8A1B64038CEF}
		{DAD3969B-3A41-4A78-B594-E542FFA172D5} = {4B65BD34-AA14-44D5-BABC-C5055CB3DE57}
		{D17E7519-D352-4C6C-B9C6-3C7D55C120CC} = {4B65BD34-AA14-44D5-BABC-C5055CB3DE57}
		{6102AE60-B297-4F57-81F1-BF3B60C1CCAF} = {4B65BD34-AA14-44D5-BABC-C5055CB3DE57}
		{171DCDF8-42CF-4445-B6B7-6D1618684252} = {8EEF6004-48C4-448C-AAF9-2874CDBDE876}
		{9AE60538-6A6C-4B98-B06A-63A1DB2BC6B2} = {8EEF6004-48C4-448C-AAF9-2874CDBDE876}
		{CA46E0E6-5412-47EB-8BBB-3262633F9241} = {8EEF6004-48C4-448C-AAF9-2874CDBDE876}
		{E23C0C36-B891-48BD-A494-F5D9593183DD} = {2B5B354F-D641-44E5-935A-7744C752AE29}
		{65F72F21-8D26-4DC1-8033-DE12ABF4EED5} = {2B5B354F-D641-44E5-935A-7744C752AE29}
		{57FF635B-B6DE-4F27-8D13-4CC17605603C} = {2B5B354F-D641-44E5-935A-7744C752AE29}
		{1A40E3F0-0EA1-47EC-B1C7-5A52B25AB9A7} = {4D1D77F2-14D4-41DE-9A10-939EACCFBB83}
		{5C603389-9796-4B4F-BBE0-D00C92E516DB} = {4D1D77F2-14D4-41DE-9A10-939EACCFBB83}
		{05B51683-E1DD-4D23-B00F-642B0855DBF3} = {4D1D77F2-14D4-41DE-9A10-939EACCFBB83}
	EndGlobalSection
	GlobalSection(ExtensibilityGlobals) = postSolution
		SolutionGuid = {93D613B7-2149-4B23-A646-B31B1D7A2AC3}
	EndGlobalSection
EndGlobal
